{
  "name": "rescript-project-template",
  "version": "0.0.1",
  "lockfileVersion": 2,
  "requires": true,
  "packages": {
    "": {
      "name": "rescript-project-template",
      "version": "0.0.1",
      "license": "MIT",
      "dependencies": {
        "@bloomberg/record-tuple-polyfill": "^0.0.3",
        "rescript": "*"
      }
    },
    "node_modules/@bloomberg/record-tuple-polyfill": {
      "version": "0.0.3",
      "resolved": "https://registry.npmjs.org/@bloomberg/record-tuple-polyfill/-/record-tuple-polyfill-0.0.3.tgz",
      "integrity": "sha512-sBnCqW0nqofE47mxFnw+lvx6kzsQstwaQMVkh66qm/A6IlsnH7WsyGuVXTou8RF2wL4W7ybOoHPvP2WgIo6rhQ=="
    },
    "node_modules/rescript": {
      "version": "9.1.4",
      "resolved": "https://registry.npmjs.org/rescript/-/rescript-9.1.4.tgz",
      "integrity": "sha512-aXANK4IqecJzdnDpJUsU6pxMViCR5ogAxzuqS0mOr8TloMnzAjJFu63fjD6LCkWrKAhlMkFFzQvVQYaAaVkFXw==",
      "hasInstallScript": true,
      "bin": {
        "bsc": "bsc",
        "bsrefmt": "bsrefmt",
        "bstracing": "lib/bstracing",
        "rescript": "rescript"
      }
    }
  },
  "dependencies": {
    "@bloomberg/record-tuple-polyfill": {
      "version": "0.0.3",
      "resolved": "https://registry.npmjs.org/@bloomberg/record-tuple-polyfill/-/record-tuple-polyfill-0.0.3.tgz",
      "integrity": "sha512-sBnCqW0nqofE47mxFnw+lvx6kzsQstwaQMVkh66qm/A6IlsnH7WsyGuVXTou8RF2wL4W7ybOoHPvP2WgIo6rhQ=="
    },
    "rescript": {
      "version": "9.1.4",
      "resolved": "https://registry.npmjs.org/rescript/-/rescript-9.1.4.tgz",
      "integrity": "sha512-aXANK4IqecJzdnDpJUsU6pxMViCR5ogAxzuqS0mOr8TloMnzAjJFu63fjD6LCkWrKAhlMkFFzQvVQYaAaVkFXw=="
    }
  }
}
